
Microsoft Visual Studio Solution File, Format Version 12.00
# Visual Studio Version 17
VisualStudioVersion = 17.0.31903.59
MinimumVisualStudioVersion = 10.0.40219.1
Project("{2150E333-8FDC-42A3-9474-1A3956D46DE8}") = "src", "src", "{827E0CD3-B72D-47B6-A68D-7590B98EB39B}"
EndProject
Project("{FAE04EC0-301F-11D3-BF4B-00C04F79EFBC}") = "notX.Api", "src\notX.Api\notX.Api.csproj", "{EC84039C-A865-40A9-B815-64B0996009D8}"
EndProject
Project("{FAE04EC0-301F-11D3-BF4B-00C04F79EFBC}") = "notX.Application", "src\notX.Application\notX.Application.csproj", "{CC24C80C-960F-4E40-8865-D53ED82F4346}"
EndProject
Project("{FAE04EC0-301F-11D3-BF4B-00C04F79EFBC}") = "notX.Domain", "src\notX.Domain\notX.Domain.csproj", "{4207FC81-AF0E-48E7-8AB0-DAFEDE05EBCD}"
EndProject
Project("{FAE04EC0-301F-11D3-BF4B-00C04F79EFBC}") = "notX.Infrastructure", "src\notX.Infrastructure\notX.Infrastructure.csproj", "{F56A26F5-05E2-4394-A0A5-F688158E2927}"
EndProject
Project("{FAE04EC0-301F-11D3-BF4B-00C04F79EFBC}") = "notX.EmailWorker", "src\notX.EmailWorker\notX.EmailWorker.csproj", "{7B98AA2C-7A19-4172-969C-02A9160930A1}"
EndProject
Project("{FAE04EC0-301F-11D3-BF4B-00C04F79EFBC}") = "notX.Shared", "src\notX.Shared\notX.Shared.csproj", "{B71DAF79-963B-471C-9A5B-AB7060172CAA}"
EndProject
Project("{FAE04EC0-301F-11D3-BF4B-00C04F79EFBC}") = "notX.AppHost", "src\notX.AppHost\notX.AppHost.csproj", "{F4E3AB62-7273-4587-BD4D-9EF61F164EBA}"
EndProject
Project("{FAE04EC0-301F-11D3-BF4B-00C04F79EFBC}") = "notX.ServiceDefaults", "src\notX.ServiceDefaults\notX.ServiceDefaults.csproj", "{8A2CA2DA-B818-4EA4-AABE-61CA48071AF5}"
EndProject
Global
	GlobalSection(SolutionConfigurationPlatforms) = preSolution
		Debug|Any CPU = Debug|Any CPU
		Debug|x64 = Debug|x64
		Debug|x86 = Debug|x86
		Release|Any CPU = Release|Any CPU
		Release|x64 = Release|x64
		Release|x86 = Release|x86
	EndGlobalSection
	GlobalSection(ProjectConfigurationPlatforms) = postSolution
		{EC84039C-A865-40A9-B815-64B0996009D8}.Debug|Any CPU.ActiveCfg = Debug|Any CPU
		{EC84039C-A865-40A9-B815-64B0996009D8}.Debug|Any CPU.Build.0 = Debug|Any CPU
		{EC84039C-A865-40A9-B815-64B0996009D8}.Debug|x64.ActiveCfg = Debug|Any CPU
		{EC84039C-A865-40A9-B815-64B0996009D8}.Debug|x64.Build.0 = Debug|Any CPU
		{EC84039C-A865-40A9-B815-64B0996009D8}.Debug|x86.ActiveCfg = Debug|Any CPU
		{EC84039C-A865-40A9-B815-64B0996009D8}.Debug|x86.Build.0 = Debug|Any CPU
		{EC84039C-A865-40A9-B815-64B0996009D8}.Release|Any CPU.ActiveCfg = Release|Any CPU
		{EC84039C-A865-40A9-B815-64B0996009D8}.Release|Any CPU.Build.0 = Release|Any CPU
		{EC84039C-A865-40A9-B815-64B0996009D8}.Release|x64.ActiveCfg = Release|Any CPU
		{EC84039C-A865-40A9-B815-64B0996009D8}.Release|x64.Build.0 = Release|Any CPU
		{EC84039C-A865-40A9-B815-64B0996009D8}.Release|x86.ActiveCfg = Release|Any CPU
		{EC84039C-A865-40A9-B815-64B0996009D8}.Release|x86.Build.0 = Release|Any CPU
		{CC24C80C-960F-4E40-8865-D53ED82F4346}.Debug|Any CPU.ActiveCfg = Debug|Any CPU
		{CC24C80C-960F-4E40-8865-D53ED82F4346}.Debug|Any CPU.Build.0 = Debug|Any CPU
		{CC24C80C-960F-4E40-8865-D53ED82F4346}.Debug|x64.ActiveCfg = Debug|Any CPU
		{CC24C80C-960F-4E40-8865-D53ED82F4346}.Debug|x64.Build.0 = Debug|Any CPU
		{CC24C80C-960F-4E40-8865-D53ED82F4346}.Debug|x86.ActiveCfg = Debug|Any CPU
		{CC24C80C-960F-4E40-8865-D53ED82F4346}.Debug|x86.Build.0 = Debug|Any CPU
		{CC24C80C-960F-4E40-8865-D53ED82F4346}.Release|Any CPU.ActiveCfg = Release|Any CPU
		{CC24C80C-960F-4E40-8865-D53ED82F4346}.Release|Any CPU.Build.0 = Release|Any CPU
		{CC24C80C-960F-4E40-8865-D53ED82F4346}.Release|x64.ActiveCfg = Release|Any CPU
		{CC24C80C-960F-4E40-8865-D53ED82F4346}.Release|x64.Build.0 = Release|Any CPU
		{CC24C80C-960F-4E40-8865-D53ED82F4346}.Release|x86.ActiveCfg = Release|Any CPU
		{CC24C80C-960F-4E40-8865-D53ED82F4346}.Release|x86.Build.0 = Release|Any CPU
		{4207FC81-AF0E-48E7-8AB0-DAFEDE05EBCD}.Debug|Any CPU.ActiveCfg = Debug|Any CPU
		{4207FC81-AF0E-48E7-8AB0-DAFEDE05EBCD}.Debug|Any CPU.Build.0 = Debug|Any CPU
		{4207FC81-AF0E-48E7-8AB0-DAFEDE05EBCD}.Debug|x64.ActiveCfg = Debug|Any CPU
		{4207FC81-AF0E-48E7-8AB0-DAFEDE05EBCD}.Debug|x64.Build.0 = Debug|Any CPU
		{4207FC81-AF0E-48E7-8AB0-DAFEDE05EBCD}.Debug|x86.ActiveCfg = Debug|Any CPU
		{4207FC81-AF0E-48E7-8AB0-DAFEDE05EBCD}.Debug|x86.Build.0 = Debug|Any CPU
		{4207FC81-AF0E-48E7-8AB0-DAFEDE05EBCD}.Release|Any CPU.ActiveCfg = Release|Any CPU
		{4207FC81-AF0E-48E7-8AB0-DAFEDE05EBCD}.Release|Any CPU.Build.0 = Release|Any CPU
		{4207FC81-AF0E-48E7-8AB0-DAFEDE05EBCD}.Release|x64.ActiveCfg = Release|Any CPU
		{4207FC81-AF0E-48E7-8AB0-DAFEDE05EBCD}.Release|x64.Build.0 = Release|Any CPU
		{4207FC81-AF0E-48E7-8AB0-DAFEDE05EBCD}.Release|x86.ActiveCfg = Release|Any CPU
		{4207FC81-AF0E-48E7-8AB0-DAFEDE05EBCD}.Release|x86.Build.0 = Release|Any CPU
		{F56A26F5-05E2-4394-A0A5-F688158E2927}.Debug|Any CPU.ActiveCfg = Debug|Any CPU
		{F56A26F5-05E2-4394-A0A5-F688158E2927}.Debug|Any CPU.Build.0 = Debug|Any CPU
		{F56A26F5-05E2-4394-A0A5-F688158E2927}.Debug|x64.ActiveCfg = Debug|Any CPU
		{F56A26F5-05E2-4394-A0A5-F688158E2927}.Debug|x64.Build.0 = Debug|Any CPU
		{F56A26F5-05E2-4394-A0A5-F688158E2927}.Debug|x86.ActiveCfg = Debug|Any CPU
		{F56A26F5-05E2-4394-A0A5-F688158E2927}.Debug|x86.Build.0 = Debug|Any CPU
		{F56A26F5-05E2-4394-A0A5-F688158E2927}.Release|Any CPU.ActiveCfg = Release|Any CPU
		{F56A26F5-05E2-4394-A0A5-F688158E2927}.Release|Any CPU.Build.0 = Release|Any CPU
		{F56A26F5-05E2-4394-A0A5-F688158E2927}.Release|x64.ActiveCfg = Release|Any CPU
		{F56A26F5-05E2-4394-A0A5-F688158E2927}.Release|x64.Build.0 = Release|Any CPU
		{F56A26F5-05E2-4394-A0A5-F688158E2927}.Release|x86.ActiveCfg = Release|Any CPU
		{F56A26F5-05E2-4394-A0A5-F688158E2927}.Release|x86.Build.0 = Release|Any CPU
		{7B98AA2C-7A19-4172-969C-02A9160930A1}.Debug|Any CPU.ActiveCfg = Debug|Any CPU
		{7B98AA2C-7A19-4172-969C-02A9160930A1}.Debug|Any CPU.Build.0 = Debug|Any CPU
		{7B98AA2C-7A19-4172-969C-02A9160930A1}.Debug|x64.ActiveCfg = Debug|Any CPU
		{7B98AA2C-7A19-4172-969C-02A9160930A1}.Debug|x64.Build.0 = Debug|Any CPU
		{7B98AA2C-7A19-4172-969C-02A9160930A1}.Debug|x86.ActiveCfg = Debug|Any CPU
		{7B98AA2C-7A19-4172-969C-02A9160930A1}.Debug|x86.Build.0 = Debug|Any CPU
		{7B98AA2C-7A19-4172-969C-02A9160930A1}.Release|Any CPU.ActiveCfg = Release|Any CPU
		{7B98AA2C-7A19-4172-969C-02A9160930A1}.Release|Any CPU.Build.0 = Release|Any CPU
		{7B98AA2C-7A19-4172-969C-02A9160930A1}.Release|x64.ActiveCfg = Release|Any CPU
		{7B98AA2C-7A19-4172-969C-02A9160930A1}.Release|x64.Build.0 = Release|Any CPU
		{7B98AA2C-7A19-4172-969C-02A9160930A1}.Release|x86.ActiveCfg = Release|Any CPU
		{7B98AA2C-7A19-4172-969C-02A9160930A1}.Release|x86.Build.0 = Release|Any CPU
		{B71DAF79-963B-471C-9A5B-AB7060172CAA}.Debug|Any CPU.ActiveCfg = Debug|Any CPU
		{B71DAF79-963B-471C-9A5B-AB7060172CAA}.Debug|Any CPU.Build.0 = Debug|Any CPU
		{B71DAF79-963B-471C-9A5B-AB7060172CAA}.Debug|x64.ActiveCfg = Debug|Any CPU
		{B71DAF79-963B-471C-9A5B-AB7060172CAA}.Debug|x64.Build.0 = Debug|Any CPU
		{B71DAF79-963B-471C-9A5B-AB7060172CAA}.Debug|x86.ActiveCfg = Debug|Any CPU
		{B71DAF79-963B-471C-9A5B-AB7060172CAA}.Debug|x86.Build.0 = Debug|Any CPU
		{B71DAF79-963B-471C-9A5B-AB7060172CAA}.Release|Any CPU.ActiveCfg = Release|Any CPU
		{B71DAF79-963B-471C-9A5B-AB7060172CAA}.Release|Any CPU.Build.0 = Release|Any CPU
		{B71DAF79-963B-471C-9A5B-AB7060172CAA}.Release|x64.ActiveCfg = Release|Any CPU
		{B71DAF79-963B-471C-9A5B-AB7060172CAA}.Release|x64.Build.0 = Release|Any CPU
		{B71DAF79-963B-471C-9A5B-AB7060172CAA}.Release|x86.ActiveCfg = Release|Any CPU
		{B71DAF79-963B-471C-9A5B-AB7060172CAA}.Release|x86.Build.0 = Release|Any CPU
		{F4E3AB62-7273-4587-BD4D-9EF61F164EBA}.Debug|Any CPU.ActiveCfg = Debug|Any CPU
		{F4E3AB62-7273-4587-BD4D-9EF61F164EBA}.Debug|Any CPU.Build.0 = Debug|Any CPU
		{F4E3AB62-7273-4587-BD4D-9EF61F164EBA}.Debug|x64.ActiveCfg = Debug|Any CPU
		{F4E3AB62-7273-4587-BD4D-9EF61F164EBA}.Debug|x64.Build.0 = Debug|Any CPU
		{F4E3AB62-7273-4587-BD4D-9EF61F164EBA}.Debug|x86.ActiveCfg = Debug|Any CPU
		{F4E3AB62-7273-4587-BD4D-9EF61F164EBA}.Debug|x86.Build.0 = Debug|Any CPU
		{F4E3AB62-7273-4587-BD4D-9EF61F164EBA}.Release|Any CPU.ActiveCfg = Release|Any CPU
		{F4E3AB62-7273-4587-BD4D-9EF61F164EBA}.Release|Any CPU.Build.0 = Release|Any CPU
		{F4E3AB62-7273-4587-BD4D-9EF61F164EBA}.Release|x64.ActiveCfg = Release|Any CPU
		{F4E3AB62-7273-4587-BD4D-9EF61F164EBA}.Release|x64.Build.0 = Release|Any CPU
		{F4E3AB62-7273-4587-BD4D-9EF61F164EBA}.Release|x86.ActiveCfg = Release|Any CPU
		{F4E3AB62-7273-4587-BD4D-9EF61F164EBA}.Release|x86.Build.0 = Release|Any CPU
		{8A2CA2DA-B818-4EA4-AABE-61CA48071AF5}.Debug|Any CPU.ActiveCfg = Debug|Any CPU
		{8A2CA2DA-B818-4EA4-AABE-61CA48071AF5}.Debug|Any CPU.Build.0 = Debug|Any CPU
		{8A2CA2DA-B818-4EA4-AABE-61CA48071AF5}.Debug|x64.ActiveCfg = Debug|Any CPU
		{8A2CA2DA-B818-4EA4-AABE-61CA48071AF5}.Debug|x64.Build.0 = Debug|Any CPU
		{8A2CA2DA-B818-4EA4-AABE-61CA48071AF5}.Debug|x86.ActiveCfg = Debug|Any CPU
		{8A2CA2DA-B818-4EA4-AABE-61CA48071AF5}.Debug|x86.Build.0 = Debug|Any CPU
		{8A2CA2DA-B818-4EA4-AABE-61CA48071AF5}.Release|Any CPU.ActiveCfg = Release|Any CPU
		{8A2CA2DA-B818-4EA4-AABE-61CA48071AF5}.Release|Any CPU.Build.0 = Release|Any CPU
		{8A2CA2DA-B818-4EA4-AABE-61CA48071AF5}.Release|x64.ActiveCfg = Release|Any CPU
		{8A2CA2DA-B818-4EA4-AABE-61CA48071AF5}.Release|x64.Build.0 = Release|Any CPU
		{8A2CA2DA-B818-4EA4-AABE-61CA48071AF5}.Release|x86.ActiveCfg = Release|Any CPU
		{8A2CA2DA-B818-4EA4-AABE-61CA48071AF5}.Release|x86.Build.0 = Release|Any CPU
	EndGlobalSection
	GlobalSection(SolutionProperties) = preSolution
		HideSolutionNode = FALSE
	EndGlobalSection
	GlobalSection(NestedProjects) = preSolution
		{EC84039C-A865-40A9-B815-64B0996009D8} = {827E0CD3-B72D-47B6-A68D-7590B98EB39B}
		{CC24C80C-960F-4E40-8865-D53ED82F4346} = {827E0CD3-B72D-47B6-A68D-7590B98EB39B}
		{4207FC81-AF0E-48E7-8AB0-DAFEDE05EBCD} = {827E0CD3-B72D-47B6-A68D-7590B98EB39B}
		{F56A26F5-05E2-4394-A0A5-F688158E2927} = {827E0CD3-B72D-47B6-A68D-7590B98EB39B}
		{7B98AA2C-7A19-4172-969C-02A9160930A1} = {827E0CD3-B72D-47B6-A68D-7590B98EB39B}
		{B71DAF79-963B-471C-9A5B-AB7060172CAA} = {827E0CD3-B72D-47B6-A68D-7590B98EB39B}
		{F4E3AB62-7273-4587-BD4D-9EF61F164EBA} = {827E0CD3-B72D-47B6-A68D-7590B98EB39B}
		{8A2CA2DA-B818-4EA4-AABE-61CA48071AF5} = {827E0CD3-B72D-47B6-A68D-7590B98EB39B}
	EndGlobalSection
EndGlobal
